
Microsoft Visual Studio Solution File, Format Version 12.00
# Visual Studio Version 16
VisualStudioVersion = 16.0.31112.23
MinimumVisualStudioVersion = 10.0.40219.1
Project("{FAE04EC0-301F-11D3-BF4B-00C04F79EFBC}") = "AppAcademico", "AppAcademico\AppAcademico.csproj", "{63BBAC4B-B6D1-49F9-9BF2-06E5FE00E709}"
EndProject
Global
	GlobalSection(SolutionConfigurationPlatforms) = preSolution
		Debug|Any CPU = Debug|Any CPU
		Release|Any CPU = Release|Any CPU
	EndGlobalSection
	GlobalSection(ProjectConfigurationPlatforms) = postSolution
		{63BBAC4B-B6D1-49F9-9BF2-06E5FE00E709}.Debug|Any CPU.ActiveCfg = Debug|Any CPU
		{63BBAC4B-B6D1-49F9-9BF2-06E5FE00E709}.Debug|Any CPU.Build.0 = Debug|Any CPU
		{63BBAC4B-B6D1-49F9-9BF2-06E5FE00E709}.Release|Any CPU.ActiveCfg = Release|Any CPU
		{63BBAC4B-B6D1-49F9-9BF2-06E5FE00E709}.Release|Any CPU.Build.0 = Release|Any CPU
	EndGlobalSection
	GlobalSection(SolutionProperties) = preSolution
		HideSolutionNode = FALSE
	EndGlobalSection
	GlobalSection(ExtensibilityGlobals) = postSolution
		SolutionGuid = {80AD588A-7E6E-4A8F-AE32-C33F24510D7B}
	EndGlobalSection
EndGlobal
